// !$*UTF8*$!
{
	archiveVersion = 1;
	classes = {
	};
	objectVersion = 48;
	objects = {

/* Begin PBXBuildFile section */
		860631841FA7022F00D4542A /* FriendListViewController.m in Sources */ = {isa = PBXBuildFile; fileRef = 860631831FA7022F00D4542A /* FriendListViewController.m */; };
		8606ED551FA81B360023B9DE /* UIColor+Utils.m in Sources */ = {isa = PBXBuildFile; fileRef = 8606ED541FA81B360023B9DE /* UIColor+Utils.m */; };
		8606ED611FA87B380023B9DE /* UIView+Sugar.m in Sources */ = {isa = PBXBuildFile; fileRef = 8606ED601FA87B380023B9DE /* UIView+Sugar.m */; };
		862F49341FA6F9A600D0526C /* AppDelegate.m in Sources */ = {isa = PBXBuildFile; fileRef = 862F49331FA6F9A600D0526C /* AppDelegate.m */; };
		862F49371FA6F9A600D0526C /* ViewController.m in Sources */ = {isa = PBXBuildFile; fileRef = 862F49361FA6F9A600D0526C /* ViewController.m */; };
		862F493A1FA6F9A600D0526C /* Main.storyboard in Resources */ = {isa = PBXBuildFile; fileRef = 862F49381FA6F9A600D0526C /* Main.storyboard */; };
		862F493C1FA6F9A600D0526C /* Assets.xcassets in Resources */ = {isa = PBXBuildFile; fileRef = 862F493B1FA6F9A600D0526C /* Assets.xcassets */; };
		862F493F1FA6F9A600D0526C /* LaunchScreen.storyboard in Resources */ = {isa = PBXBuildFile; fileRef = 862F493D1FA6F9A600D0526C /* LaunchScreen.storyboard */; };
		862F49421FA6F9A600D0526C /* main.m in Sources */ = {isa = PBXBuildFile; fileRef = 862F49411FA6F9A600D0526C /* main.m */; };
		862F494C1FA6F9A600D0526C /* ChatDemoTests.m in Sources */ = {isa = PBXBuildFile; fileRef = 862F494B1FA6F9A600D0526C /* ChatDemoTests.m */; };
		862F49571FA6F9A600D0526C /* ChatDemoUITests.m in Sources */ = {isa = PBXBuildFile; fileRef = 862F49561FA6F9A600D0526C /* ChatDemoUITests.m */; };
		863494CC1FBD2AA0001D293C /* ChatAlertImageController.m in Sources */ = {isa = PBXBuildFile; fileRef = 863494CA1FBD2AA0001D293C /* ChatAlertImageController.m */; };
		863494D31FBD3DD9001D293C /* ChatAlertView.m in Sources */ = {isa = PBXBuildFile; fileRef = 863494D21FBD3DD9001D293C /* ChatAlertView.m */; };
		863494D71FBD4184001D293C /* ChatAlertView.xib in Resources */ = {isa = PBXBuildFile; fileRef = 863494D61FBD4184001D293C /* ChatAlertView.xib */; };
		863494DA1FBD46CF001D293C /* ChatAlertAnimator.m in Sources */ = {isa = PBXBuildFile; fileRef = 863494D91FBD46CF001D293C /* ChatAlertAnimator.m */; };
		8642AA771FB312D800E81849 /* ChatHelp.m in Sources */ = {isa = PBXBuildFile; fileRef = 8642AA761FB312D800E81849 /* ChatHelp.m */; };
		865CD0211FCA6388001D3FFC /* PhotoBrowserController.m in Sources */ = {isa = PBXBuildFile; fileRef = 865CD0201FCA6388001D3FFC /* PhotoBrowserController.m */; };
		865CD0241FCA98FF001D3FFC /* PhotosCell.m in Sources */ = {isa = PBXBuildFile; fileRef = 865CD0231FCA98FF001D3FFC /* PhotosCell.m */; };
		865CD0271FCA9C0C001D3FFC /* PhotoLoadingView.m in Sources */ = {isa = PBXBuildFile; fileRef = 865CD0251FCA9C0C001D3FFC /* PhotoLoadingView.m */; };
		865CD02A1FCAA643001D3FFC /* PhotoModel.m in Sources */ = {isa = PBXBuildFile; fileRef = 865CD0291FCAA643001D3FFC /* PhotoModel.m */; };
		8666FD991FAAD3CC00CD12C7 /* ChatToolBarMoreView.m in Sources */ = {isa = PBXBuildFile; fileRef = 8666FD981FAAD3CC00CD12C7 /* ChatToolBarMoreView.m */; };
		8666FD9C1FAAD3FF00CD12C7 /* ChatToolBarMoreCell.m in Sources */ = {isa = PBXBuildFile; fileRef = 8666FD9B1FAAD3FF00CD12C7 /* ChatToolBarMoreCell.m */; };
		8666FD9F1FAAD7B600CD12C7 /* ChatToolBarMoreModel.m in Sources */ = {isa = PBXBuildFile; fileRef = 8666FD9E1FAAD7B600CD12C7 /* ChatToolBarMoreModel.m */; };
		867B14B81FA9AC8500437544 /* UIImage+Category.m in Sources */ = {isa = PBXBuildFile; fileRef = 867B14B61FA9AC8500437544 /* UIImage+Category.m */; };
		867B14BB1FA9BF7000437544 /* VoiceRecordButton.m in Sources */ = {isa = PBXBuildFile; fileRef = 867B14BA1FA9BF7000437544 /* VoiceRecordButton.m */; };
		867B14BE1FA9BFCF00437544 /* VoiceRecordContentView.m in Sources */ = {isa = PBXBuildFile; fileRef = 867B14BD1FA9BFCF00437544 /* VoiceRecordContentView.m */; };
		867B14C11FA9BFDB00437544 /* VoiceRecordView.m in Sources */ = {isa = PBXBuildFile; fileRef = 867B14C01FA9BFDB00437544 /* VoiceRecordView.m */; };
		867B14C41FA9C43C00437544 /* VoiceRecordPowerAnimationView.m in Sources */ = {isa = PBXBuildFile; fileRef = 867B14C31FA9C43C00437544 /* VoiceRecordPowerAnimationView.m */; };
		8689588F1FA70D7A00BC0619 /* TabBarViewController.m in Sources */ = {isa = PBXBuildFile; fileRef = 8689588E1FA70D7A00BC0619 /* TabBarViewController.m */; };
		868958921FA70DAE00BC0619 /* ConversationListController.m in Sources */ = {isa = PBXBuildFile; fileRef = 868958911FA70DAE00BC0619 /* ConversationListController.m */; };
		8689589C1FA72D2A00BC0619 /* ChatController.m in Sources */ = {isa = PBXBuildFile; fileRef = 8689589B1FA72D2A00BC0619 /* ChatController.m */; };
		86969CFD1FAAC4E700AD55B7 /* VoiceRecordController.m in Sources */ = {isa = PBXBuildFile; fileRef = 86969CFC1FAAC4E700AD55B7 /* VoiceRecordController.m */; };
		86A06AE71FB0098B0000A53F /* ChatToolBar.m in Sources */ = {isa = PBXBuildFile; fileRef = 86A06AE31FB0098B0000A53F /* ChatToolBar.m */; };
		86A06AE81FB0098B0000A53F /* ChatToolBarItem.m in Sources */ = {isa = PBXBuildFile; fileRef = 86A06AE41FB0098B0000A53F /* ChatToolBarItem.m */; };
		86A06AE91FB0098B0000A53F /* ChatToolInputView.m in Sources */ = {isa = PBXBuildFile; fileRef = 86A06AE51FB0098B0000A53F /* ChatToolInputView.m */; };
		86A06AF11FB04A530000A53F /* MessageBaseCell.m in Sources */ = {isa = PBXBuildFile; fileRef = 86A06AF01FB04A530000A53F /* MessageBaseCell.m */; };
		86A06AF71FB065430000A53F /* MessageModel.m in Sources */ = {isa = PBXBuildFile; fileRef = 86A06AF61FB065430000A53F /* MessageModel.m */; };
		86C1CB181FB3F0B200D5F2D9 /* MJBubbleView+Image.m in Sources */ = {isa = PBXBuildFile; fileRef = 86C1CB121FB3F0B200D5F2D9 /* MJBubbleView+Image.m */; };
		86C1CB191FB3F0B200D5F2D9 /* MJBubbleView+Voice.m in Sources */ = {isa = PBXBuildFile; fileRef = 86C1CB131FB3F0B200D5F2D9 /* MJBubbleView+Voice.m */; };
		86C1CB1A1FB3F0B200D5F2D9 /* MJBubbleView+Text.m in Sources */ = {isa = PBXBuildFile; fileRef = 86C1CB141FB3F0B200D5F2D9 /* MJBubbleView+Text.m */; };
		86C1CB1B1FB3F0B200D5F2D9 /* MJBubbleView.m in Sources */ = {isa = PBXBuildFile; fileRef = 86C1CB151FB3F0B200D5F2D9 /* MJBubbleView.m */; };
		86C1CB1E1FB3F11200D5F2D9 /* MessageCell.m in Sources */ = {isa = PBXBuildFile; fileRef = 86C1CB1D1FB3F11200D5F2D9 /* MessageCell.m */; };
		86C1CB211FB4041500D5F2D9 /* MessageTimeCell.m in Sources */ = {isa = PBXBuildFile; fileRef = 86C1CB201FB4041500D5F2D9 /* MessageTimeCell.m */; };
		86C1CB281FB4280200D5F2D9 /* NSDate+Category.m in Sources */ = {isa = PBXBuildFile; fileRef = 86C1CB271FB4280200D5F2D9 /* NSDate+Category.m */; };
		86C1CB2B1FB4281600D5F2D9 /* NSDateFormatter+Category.m in Sources */ = {isa = PBXBuildFile; fileRef = 86C1CB2A1FB4281600D5F2D9 /* NSDateFormatter+Category.m */; };
		86C1CB361FB42ADA00D5F2D9 /* Localizable.strings in Resources */ = {isa = PBXBuildFile; fileRef = 86C1CB381FB42ADA00D5F2D9 /* Localizable.strings */; };
		86CAB3AE1FB59098009DC044 /* MessageReadManager.m in Sources */ = {isa = PBXBuildFile; fileRef = 86CAB3AD1FB59098009DC044 /* MessageReadManager.m */; };
		86E1FBEB1FB978C200229FF1 /* libopencore-amrwb.a in Frameworks */ = {isa = PBXBuildFile; fileRef = 86E1FBC91FB978C100229FF1 /* libopencore-amrwb.a */; };
		86E1FBEC1FB978C200229FF1 /* libopencore-amrnb.a in Frameworks */ = {isa = PBXBuildFile; fileRef = 86E1FBCF1FB978C100229FF1 /* libopencore-amrnb.a */; };
		86E1FBED1FB978C200229FF1 /* wav.mm in Sources */ = {isa = PBXBuildFile; fileRef = 86E1FBD21FB978C100229FF1 /* wav.mm */; };
		86E1FBEE1FB978C200229FF1 /* amrFileCodec.mm in Sources */ = {isa = PBXBuildFile; fileRef = 86E1FBD31FB978C100229FF1 /* amrFileCodec.mm */; };
		86E1FBEF1FB978C200229FF1 /* EMVoiceConverter.mm in Sources */ = {isa = PBXBuildFile; fileRef = 86E1FBD61FB978C100229FF1 /* EMVoiceConverter.mm */; };
		86E1FBF01FB978C200229FF1 /* EMCDDeviceManager+Remind.m in Sources */ = {isa = PBXBuildFile; fileRef = 86E1FBD91FB978C100229FF1 /* EMCDDeviceManager+Remind.m */; };
		86E1FBF11FB978C200229FF1 /* EMCDDeviceManager+ProximitySensor.m in Sources */ = {isa = PBXBuildFile; fileRef = 86E1FBDA1FB978C100229FF1 /* EMCDDeviceManager+ProximitySensor.m */; };
		86E1FBF21FB978C200229FF1 /* EMCDDeviceManager+Media.m in Sources */ = {isa = PBXBuildFile; fileRef = 86E1FBE01FB978C100229FF1 /* EMCDDeviceManager+Media.m */; };
		86E1FBF31FB978C200229FF1 /* EMCDDeviceManager+Microphone.m in Sources */ = {isa = PBXBuildFile; fileRef = 86E1FBE31FB978C100229FF1 /* EMCDDeviceManager+Microphone.m */; };
		86E1FBF41FB978C200229FF1 /* EMAudioRecorderUtil.m in Sources */ = {isa = PBXBuildFile; fileRef = 86E1FBE41FB978C100229FF1 /* EMAudioRecorderUtil.m */; };
		86E1FBF51FB978C200229FF1 /* EMAudioPlayerUtil.m in Sources */ = {isa = PBXBuildFile; fileRef = 86E1FBE51FB978C100229FF1 /* EMAudioPlayerUtil.m */; };
		86E1FBF61FB978C200229FF1 /* EMCDDeviceManagerBase.m in Sources */ = {isa = PBXBuildFile; fileRef = 86E1FBE61FB978C100229FF1 /* EMCDDeviceManagerBase.m */; };
		F6F2DA1D7740A1162940DD0D /* libPods-ChatDemo.a in Frameworks */ = {isa = PBXBuildFile; fileRef = 9347056125438B4963067153 /* libPods-ChatDemo.a */; };
/* End PBXBuildFile section */

/* Begin PBXContainerItemProxy section */
		862F49481FA6F9A600D0526C /* PBXContainerItemProxy */ = {
			isa = PBXContainerItemProxy;
			containerPortal = 862F49271FA6F9A500D0526C /* Project object */;
			proxyType = 1;
			remoteGlobalIDString = 862F492E1FA6F9A600D0526C;
			remoteInfo = ChatDemo;
		};
		862F49531FA6F9A600D0526C /* PBXContainerItemProxy */ = {
			isa = PBXContainerItemProxy;
			containerPortal = 862F49271FA6F9A500D0526C /* Project object */;
			proxyType = 1;
			remoteGlobalIDString = 862F492E1FA6F9A600D0526C;
			remoteInfo = ChatDemo;
		};
/* End PBXContainerItemProxy section */

/* Begin PBXFileReference section */
		5AB65D525956B301A38CF727 /* Pods-ChatDemo.release.xcconfig */ = {isa = PBXFileReference; includeInIndex = 1; lastKnownFileType = text.xcconfig; name = "Pods-ChatDemo.release.xcconfig"; path = "Pods/Target Support Files/Pods-ChatDemo/Pods-ChatDemo.release.xcconfig"; sourceTree = "<group>"; };
		860631821FA7022F00D4542A /* FriendListViewController.h */ = {isa = PBXFileReference; lastKnownFileType = sourcecode.c.h; path = FriendListViewController.h; sourceTree = "<group>"; };
		860631831FA7022F00D4542A /* FriendListViewController.m */ = {isa = PBXFileReference; lastKnownFileType = sourcecode.c.objc; path = FriendListViewController.m; sourceTree = "<group>"; };
		8606ED531FA81B360023B9DE /* UIColor+Utils.h */ = {isa = PBXFileReference; fileEncoding = 4; lastKnownFileType = sourcecode.c.h; path = "UIColor+Utils.h"; sourceTree = "<group>"; };
		8606ED541FA81B360023B9DE /* UIColor+Utils.m */ = {isa = PBXFileReference; fileEncoding = 4; lastKnownFileType = sourcecode.c.objc; path = "UIColor+Utils.m"; sourceTree = "<group>"; };
		8606ED5F1FA87B370023B9DE /* UIView+Sugar.h */ = {isa = PBXFileReference; fileEncoding = 4; lastKnownFileType = sourcecode.c.h; path = "UIView+Sugar.h"; sourceTree = "<group>"; };
		8606ED601FA87B380023B9DE /* UIView+Sugar.m */ = {isa = PBXFileReference; fileEncoding = 4; lastKnownFileType = sourcecode.c.objc; path = "UIView+Sugar.m"; sourceTree = "<group>"; };
		862F492F1FA6F9A600D0526C /* ChatDemo.app */ = {isa = PBXFileReference; explicitFileType = wrapper.application; includeInIndex = 0; path = ChatDemo.app; sourceTree = BUILT_PRODUCTS_DIR; };
		862F49321FA6F9A600D0526C /* AppDelegate.h */ = {isa = PBXFileReference; lastKnownFileType = sourcecode.c.h; path = AppDelegate.h; sourceTree = "<group>"; };
		862F49331FA6F9A600D0526C /* AppDelegate.m */ = {isa = PBXFileReference; lastKnownFileType = sourcecode.c.objc; path = AppDelegate.m; sourceTree = "<group>"; };
		862F49351FA6F9A600D0526C /* ViewController.h */ = {isa = PBXFileReference; lastKnownFileType = sourcecode.c.h; path = ViewController.h; sourceTree = "<group>"; };
		862F49361FA6F9A600D0526C /* ViewController.m */ = {isa = PBXFileReference; lastKnownFileType = sourcecode.c.objc; path = ViewController.m; sourceTree = "<group>"; };
		862F49391FA6F9A600D0526C /* Base */ = {isa = PBXFileReference; lastKnownFileType = file.storyboard; name = Base; path = Base.lproj/Main.storyboard; sourceTree = "<group>"; };
		862F493B1FA6F9A600D0526C /* Assets.xcassets */ = {isa = PBXFileReference; lastKnownFileType = folder.assetcatalog; path = Assets.xcassets; sourceTree = "<group>"; };
		862F493E1FA6F9A600D0526C /* Base */ = {isa = PBXFileReference; lastKnownFileType = file.storyboard; name = Base; path = Base.lproj/LaunchScreen.storyboard; sourceTree = "<group>"; };
		862F49401FA6F9A600D0526C /* Info.plist */ = {isa = PBXFileReference; lastKnownFileType = text.plist.xml; path = Info.plist; sourceTree = "<group>"; };
		862F49411FA6F9A600D0526C /* main.m */ = {isa = PBXFileReference; lastKnownFileType = sourcecode.c.objc; path = main.m; sourceTree = "<group>"; };
		862F49471FA6F9A600D0526C /* ChatDemoTests.xctest */ = {isa = PBXFileReference; explicitFileType = wrapper.cfbundle; includeInIndex = 0; path = ChatDemoTests.xctest; sourceTree = BUILT_PRODUCTS_DIR; };
		862F494B1FA6F9A600D0526C /* ChatDemoTests.m */ = {isa = PBXFileReference; lastKnownFileType = sourcecode.c.objc; path = ChatDemoTests.m; sourceTree = "<group>"; };
		862F494D1FA6F9A600D0526C /* Info.plist */ = {isa = PBXFileReference; lastKnownFileType = text.plist.xml; path = Info.plist; sourceTree = "<group>"; };
		862F49521FA6F9A600D0526C /* ChatDemoUITests.xctest */ = {isa = PBXFileReference; explicitFileType = wrapper.cfbundle; includeInIndex = 0; path = ChatDemoUITests.xctest; sourceTree = BUILT_PRODUCTS_DIR; };
		862F49561FA6F9A600D0526C /* ChatDemoUITests.m */ = {isa = PBXFileReference; lastKnownFileType = sourcecode.c.objc; path = ChatDemoUITests.m; sourceTree = "<group>"; };
		862F49581FA6F9A600D0526C /* Info.plist */ = {isa = PBXFileReference; lastKnownFileType = text.plist.xml; path = Info.plist; sourceTree = "<group>"; };
		863494C91FBD2AA0001D293C /* ChatAlertImageController.h */ = {isa = PBXFileReference; lastKnownFileType = sourcecode.c.h; path = ChatAlertImageController.h; sourceTree = "<group>"; };
		863494CA1FBD2AA0001D293C /* ChatAlertImageController.m */ = {isa = PBXFileReference; lastKnownFileType = sourcecode.c.objc; path = ChatAlertImageController.m; sourceTree = "<group>"; };
		863494D11FBD3DD9001D293C /* ChatAlertView.h */ = {isa = PBXFileReference; lastKnownFileType = sourcecode.c.h; path = ChatAlertView.h; sourceTree = "<group>"; };
		863494D21FBD3DD9001D293C /* ChatAlertView.m */ = {isa = PBXFileReference; lastKnownFileType = sourcecode.c.objc; path = ChatAlertView.m; sourceTree = "<group>"; };
		863494D61FBD4184001D293C /* ChatAlertView.xib */ = {isa = PBXFileReference; lastKnownFileType = file.xib; path = ChatAlertView.xib; sourceTree = "<group>"; };
		863494D81FBD46CF001D293C /* ChatAlertAnimator.h */ = {isa = PBXFileReference; lastKnownFileType = sourcecode.c.h; path = ChatAlertAnimator.h; sourceTree = "<group>"; };
		863494D91FBD46CF001D293C /* ChatAlertAnimator.m */ = {isa = PBXFileReference; lastKnownFileType = sourcecode.c.objc; path = ChatAlertAnimator.m; sourceTree = "<group>"; };
		8642AA751FB312D800E81849 /* ChatHelp.h */ = {isa = PBXFileReference; lastKnownFileType = sourcecode.c.h; path = ChatHelp.h; sourceTree = "<group>"; };
		8642AA761FB312D800E81849 /* ChatHelp.m */ = {isa = PBXFileReference; lastKnownFileType = sourcecode.c.objc; path = ChatHelp.m; sourceTree = "<group>"; };
		865CD01F1FCA6388001D3FFC /* PhotoBrowserController.h */ = {isa = PBXFileReference; lastKnownFileType = sourcecode.c.h; path = PhotoBrowserController.h; sourceTree = "<group>"; };
		865CD0201FCA6388001D3FFC /* PhotoBrowserController.m */ = {isa = PBXFileReference; lastKnownFileType = sourcecode.c.objc; path = PhotoBrowserController.m; sourceTree = "<group>"; };
		865CD0221FCA98FF001D3FFC /* PhotosCell.h */ = {isa = PBXFileReference; lastKnownFileType = sourcecode.c.h; path = PhotosCell.h; sourceTree = "<group>"; };
		865CD0231FCA98FF001D3FFC /* PhotosCell.m */ = {isa = PBXFileReference; lastKnownFileType = sourcecode.c.objc; path = PhotosCell.m; sourceTree = "<group>"; };
		865CD0251FCA9C0C001D3FFC /* PhotoLoadingView.m */ = {isa = PBXFileReference; fileEncoding = 4; lastKnownFileType = sourcecode.c.objc; path = PhotoLoadingView.m; sourceTree = "<group>"; };
		865CD0261FCA9C0C001D3FFC /* PhotoLoadingView.h */ = {isa = PBXFileReference; fileEncoding = 4; lastKnownFileType = sourcecode.c.h; path = PhotoLoadingView.h; sourceTree = "<group>"; };
		865CD0281FCAA643001D3FFC /* PhotoModel.h */ = {isa = PBXFileReference; lastKnownFileType = sourcecode.c.h; path = PhotoModel.h; sourceTree = "<group>"; };
		865CD0291FCAA643001D3FFC /* PhotoModel.m */ = {isa = PBXFileReference; lastKnownFileType = sourcecode.c.objc; path = PhotoModel.m; sourceTree = "<group>"; };
		8666FD971FAAD3CC00CD12C7 /* ChatToolBarMoreView.h */ = {isa = PBXFileReference; fileEncoding = 4; lastKnownFileType = sourcecode.c.h; path = ChatToolBarMoreView.h; sourceTree = "<group>"; };
		8666FD981FAAD3CC00CD12C7 /* ChatToolBarMoreView.m */ = {isa = PBXFileReference; fileEncoding = 4; lastKnownFileType = sourcecode.c.objc; path = ChatToolBarMoreView.m; sourceTree = "<group>"; };
		8666FD9A1FAAD3FF00CD12C7 /* ChatToolBarMoreCell.h */ = {isa = PBXFileReference; lastKnownFileType = sourcecode.c.h; path = ChatToolBarMoreCell.h; sourceTree = "<group>"; };
		8666FD9B1FAAD3FF00CD12C7 /* ChatToolBarMoreCell.m */ = {isa = PBXFileReference; lastKnownFileType = sourcecode.c.objc; path = ChatToolBarMoreCell.m; sourceTree = "<group>"; };
		8666FD9D1FAAD7B600CD12C7 /* ChatToolBarMoreModel.h */ = {isa = PBXFileReference; lastKnownFileType = sourcecode.c.h; path = ChatToolBarMoreModel.h; sourceTree = "<group>"; };
		8666FD9E1FAAD7B600CD12C7 /* ChatToolBarMoreModel.m */ = {isa = PBXFileReference; lastKnownFileType = sourcecode.c.objc; path = ChatToolBarMoreModel.m; sourceTree = "<group>"; };
		867904321FB19900004545D5 /* MessageCellHeader.h */ = {isa = PBXFileReference; lastKnownFileType = sourcecode.c.h; path = MessageCellHeader.h; sourceTree = "<group>"; };
		867B14B21FA9A8C600437544 /* VoiceRecordHeader.h */ = {isa = PBXFileReference; lastKnownFileType = sourcecode.c.h; path = VoiceRecordHeader.h; sourceTree = "<group>"; };
		867B14B61FA9AC8500437544 /* UIImage+Category.m */ = {isa = PBXFileReference; fileEncoding = 4; lastKnownFileType = sourcecode.c.objc; path = "UIImage+Category.m"; sourceTree = "<group>"; };
		867B14B71FA9AC8500437544 /* UIImage+Category.h */ = {isa = PBXFileReference; fileEncoding = 4; lastKnownFileType = sourcecode.c.h; path = "UIImage+Category.h"; sourceTree = "<group>"; };
		867B14B91FA9BF6F00437544 /* VoiceRecordButton.h */ = {isa = PBXFileReference; lastKnownFileType = sourcecode.c.h; path = VoiceRecordButton.h; sourceTree = "<group>"; };
		867B14BA1FA9BF7000437544 /* VoiceRecordButton.m */ = {isa = PBXFileReference; lastKnownFileType = sourcecode.c.objc; path = VoiceRecordButton.m; sourceTree = "<group>"; };
		867B14BC1FA9BFCF00437544 /* VoiceRecordContentView.h */ = {isa = PBXFileReference; lastKnownFileType = sourcecode.c.h; path = VoiceRecordContentView.h; sourceTree = "<group>"; };
		867B14BD1FA9BFCF00437544 /* VoiceRecordContentView.m */ = {isa = PBXFileReference; lastKnownFileType = sourcecode.c.objc; path = VoiceRecordContentView.m; sourceTree = "<group>"; };
		867B14BF1FA9BFDB00437544 /* VoiceRecordView.h */ = {isa = PBXFileReference; lastKnownFileType = sourcecode.c.h; path = VoiceRecordView.h; sourceTree = "<group>"; };
		867B14C01FA9BFDB00437544 /* VoiceRecordView.m */ = {isa = PBXFileReference; lastKnownFileType = sourcecode.c.objc; path = VoiceRecordView.m; sourceTree = "<group>"; };
		867B14C21FA9C43C00437544 /* VoiceRecordPowerAnimationView.h */ = {isa = PBXFileReference; lastKnownFileType = sourcecode.c.h; path = VoiceRecordPowerAnimationView.h; sourceTree = "<group>"; };
		867B14C31FA9C43C00437544 /* VoiceRecordPowerAnimationView.m */ = {isa = PBXFileReference; lastKnownFileType = sourcecode.c.objc; path = VoiceRecordPowerAnimationView.m; sourceTree = "<group>"; };
		8689588D1FA70D7A00BC0619 /* TabBarViewController.h */ = {isa = PBXFileReference; lastKnownFileType = sourcecode.c.h; path = TabBarViewController.h; sourceTree = "<group>"; };
		8689588E1FA70D7A00BC0619 /* TabBarViewController.m */ = {isa = PBXFileReference; lastKnownFileType = sourcecode.c.objc; path = TabBarViewController.m; sourceTree = "<group>"; };
		868958901FA70DAE00BC0619 /* ConversationListController.h */ = {isa = PBXFileReference; lastKnownFileType = sourcecode.c.h; path = ConversationListController.h; sourceTree = "<group>"; };
		868958911FA70DAE00BC0619 /* ConversationListController.m */ = {isa = PBXFileReference; lastKnownFileType = sourcecode.c.objc; path = ConversationListController.m; sourceTree = "<group>"; };
		8689589A1FA72D2A00BC0619 /* ChatController.h */ = {isa = PBXFileReference; fileEncoding = 4; lastKnownFileType = sourcecode.c.h; path = ChatController.h; sourceTree = "<group>"; };
		8689589B1FA72D2A00BC0619 /* ChatController.m */ = {isa = PBXFileReference; fileEncoding = 4; lastKnownFileType = sourcecode.c.objc; path = ChatController.m; sourceTree = "<group>"; };
		86969CFB1FAAC4E600AD55B7 /* VoiceRecordController.h */ = {isa = PBXFileReference; lastKnownFileType = sourcecode.c.h; path = VoiceRecordController.h; sourceTree = "<group>"; };
		86969CFC1FAAC4E700AD55B7 /* VoiceRecordController.m */ = {isa = PBXFileReference; lastKnownFileType = sourcecode.c.objc; path = VoiceRecordController.m; sourceTree = "<group>"; };
		86A06AE01FB0098B0000A53F /* ChatToolBarHeader.h */ = {isa = PBXFileReference; fileEncoding = 4; lastKnownFileType = sourcecode.c.h; path = ChatToolBarHeader.h; sourceTree = "<group>"; };
		86A06AE11FB0098B0000A53F /* ChatToolInputView.h */ = {isa = PBXFileReference; fileEncoding = 4; lastKnownFileType = sourcecode.c.h; path = ChatToolInputView.h; sourceTree = "<group>"; };
		86A06AE21FB0098B0000A53F /* ChatToolBarItem.h */ = {isa = PBXFileReference; fileEncoding = 4; lastKnownFileType = sourcecode.c.h; path = ChatToolBarItem.h; sourceTree = "<group>"; };
		86A06AE31FB0098B0000A53F /* ChatToolBar.m */ = {isa = PBXFileReference; fileEncoding = 4; lastKnownFileType = sourcecode.c.objc; path = ChatToolBar.m; sourceTree = "<group>"; };
		86A06AE41FB0098B0000A53F /* ChatToolBarItem.m */ = {isa = PBXFileReference; fileEncoding = 4; lastKnownFileType = sourcecode.c.objc; path = ChatToolBarItem.m; sourceTree = "<group>"; };
		86A06AE51FB0098B0000A53F /* ChatToolInputView.m */ = {isa = PBXFileReference; fileEncoding = 4; lastKnownFileType = sourcecode.c.objc; path = ChatToolInputView.m; sourceTree = "<group>"; };
		86A06AE61FB0098B0000A53F /* ChatToolBar.h */ = {isa = PBXFileReference; fileEncoding = 4; lastKnownFileType = sourcecode.c.h; path = ChatToolBar.h; sourceTree = "<group>"; };
		86A06AEF1FB04A530000A53F /* MessageBaseCell.h */ = {isa = PBXFileReference; lastKnownFileType = sourcecode.c.h; path = MessageBaseCell.h; sourceTree = "<group>"; };
		86A06AF01FB04A530000A53F /* MessageBaseCell.m */ = {isa = PBXFileReference; lastKnownFileType = sourcecode.c.objc; path = MessageBaseCell.m; sourceTree = "<group>"; };
		86A06AF51FB065430000A53F /* MessageModel.h */ = {isa = PBXFileReference; lastKnownFileType = sourcecode.c.h; path = MessageModel.h; sourceTree = "<group>"; };
		86A06AF61FB065430000A53F /* MessageModel.m */ = {isa = PBXFileReference; lastKnownFileType = sourcecode.c.objc; path = MessageModel.m; sourceTree = "<group>"; };
		86C1CB101FB3F0B200D5F2D9 /* MJBubbleView.h */ = {isa = PBXFileReference; fileEncoding = 4; lastKnownFileType = sourcecode.c.h; path = MJBubbleView.h; sourceTree = "<group>"; };
		86C1CB111FB3F0B200D5F2D9 /* MJBubbleView+Text.h */ = {isa = PBXFileReference; fileEncoding = 4; lastKnownFileType = sourcecode.c.h; path = "MJBubbleView+Text.h"; sourceTree = "<group>"; };
		86C1CB121FB3F0B200D5F2D9 /* MJBubbleView+Image.m */ = {isa = PBXFileReference; fileEncoding = 4; lastKnownFileType = sourcecode.c.objc; path = "MJBubbleView+Image.m"; sourceTree = "<group>"; };
		86C1CB131FB3F0B200D5F2D9 /* MJBubbleView+Voice.m */ = {isa = PBXFileReference; fileEncoding = 4; lastKnownFileType = sourcecode.c.objc; path = "MJBubbleView+Voice.m"; sourceTree = "<group>"; };
		86C1CB141FB3F0B200D5F2D9 /* MJBubbleView+Text.m */ = {isa = PBXFileReference; fileEncoding = 4; lastKnownFileType = sourcecode.c.objc; path = "MJBubbleView+Text.m"; sourceTree = "<group>"; };
		86C1CB151FB3F0B200D5F2D9 /* MJBubbleView.m */ = {isa = PBXFileReference; fileEncoding = 4; lastKnownFileType = sourcecode.c.objc; path = MJBubbleView.m; sourceTree = "<group>"; };
		86C1CB161FB3F0B200D5F2D9 /* MJBubbleView+Image.h */ = {isa = PBXFileReference; fileEncoding = 4; lastKnownFileType = sourcecode.c.h; path = "MJBubbleView+Image.h"; sourceTree = "<group>"; };
		86C1CB171FB3F0B200D5F2D9 /* MJBubbleView+Voice.h */ = {isa = PBXFileReference; fileEncoding = 4; lastKnownFileType = sourcecode.c.h; path = "MJBubbleView+Voice.h"; sourceTree = "<group>"; };
		86C1CB1C1FB3F11200D5F2D9 /* MessageCell.h */ = {isa = PBXFileReference; lastKnownFileType = sourcecode.c.h; path = MessageCell.h; sourceTree = "<group>"; };
		86C1CB1D1FB3F11200D5F2D9 /* MessageCell.m */ = {isa = PBXFileReference; lastKnownFileType = sourcecode.c.objc; path = MessageCell.m; sourceTree = "<group>"; };
		86C1CB1F1FB4041500D5F2D9 /* MessageTimeCell.h */ = {isa = PBXFileReference; lastKnownFileType = sourcecode.c.h; path = MessageTimeCell.h; sourceTree = "<group>"; };
		86C1CB201FB4041500D5F2D9 /* MessageTimeCell.m */ = {isa = PBXFileReference; lastKnownFileType = sourcecode.c.objc; path = MessageTimeCell.m; sourceTree = "<group>"; };
		86C1CB261FB4280200D5F2D9 /* NSDate+Category.h */ = {isa = PBXFileReference; fileEncoding = 4; lastKnownFileType = sourcecode.c.h; path = "NSDate+Category.h"; sourceTree = "<group>"; };
		86C1CB271FB4280200D5F2D9 /* NSDate+Category.m */ = {isa = PBXFileReference; fileEncoding = 4; lastKnownFileType = sourcecode.c.objc; path = "NSDate+Category.m"; sourceTree = "<group>"; };
		86C1CB291FB4281600D5F2D9 /* NSDateFormatter+Category.h */ = {isa = PBXFileReference; fileEncoding = 4; lastKnownFileType = sourcecode.c.h; path = "NSDateFormatter+Category.h"; sourceTree = "<group>"; };
		86C1CB2A1FB4281600D5F2D9 /* NSDateFormatter+Category.m */ = {isa = PBXFileReference; fileEncoding = 4; lastKnownFileType = sourcecode.c.objc; path = "NSDateFormatter+Category.m"; sourceTree = "<group>"; };
		86C1CB2C1FB429CE00D5F2D9 /* zh-Hans */ = {isa = PBXFileReference; lastKnownFileType = text.plist.strings; name = "zh-Hans"; path = "zh-Hans.lproj/LaunchScreen.strings"; sourceTree = "<group>"; };
		86C1CB2D1FB429CE00D5F2D9 /* zh-Hans */ = {isa = PBXFileReference; lastKnownFileType = text.plist.strings; name = "zh-Hans"; path = "zh-Hans.lproj/Main.strings"; sourceTree = "<group>"; };
		86C1CB371FB42ADA00D5F2D9 /* en */ = {isa = PBXFileReference; lastKnownFileType = text.plist.strings; name = en; path = en.lproj/Localizable.strings; sourceTree = "<group>"; };
		86C1CB391FB42ADB00D5F2D9 /* zh-Hans */ = {isa = PBXFileReference; lastKnownFileType = text.plist.strings; name = "zh-Hans"; path = "zh-Hans.lproj/Localizable.strings"; sourceTree = "<group>"; };
		86CAB3AC1FB59098009DC044 /* MessageReadManager.h */ = {isa = PBXFileReference; lastKnownFileType = sourcecode.c.h; path = MessageReadManager.h; sourceTree = "<group>"; };
		86CAB3AD1FB59098009DC044 /* MessageReadManager.m */ = {isa = PBXFileReference; lastKnownFileType = sourcecode.c.objc; path = MessageReadManager.m; sourceTree = "<group>"; };
		86E0F6981FBC3C2400ECD7CD /* ChatControllerHeader.h */ = {isa = PBXFileReference; lastKnownFileType = sourcecode.c.h; path = ChatControllerHeader.h; sourceTree = "<group>"; };
		86E1FBC91FB978C100229FF1 /* libopencore-amrwb.a */ = {isa = PBXFileReference; lastKnownFileType = archive.ar; path = "libopencore-amrwb.a"; sourceTree = "<group>"; };
		86E1FBCA1FB978C100229FF1 /* if_rom.h */ = {isa = PBXFileReference; fileEncoding = 4; lastKnownFileType = sourcecode.c.h; path = if_rom.h; sourceTree = "<group>"; };
		86E1FBCB1FB978C100229FF1 /* dec_if.h */ = {isa = PBXFileReference; fileEncoding = 4; lastKnownFileType = sourcecode.c.h; path = dec_if.h; sourceTree = "<group>"; };
		86E1FBCC1FB978C100229FF1 /* EMVoiceConverter.h */ = {isa = PBXFileReference; fileEncoding = 4; lastKnownFileType = sourcecode.c.h; path = EMVoiceConverter.h; sourceTree = "<group>"; };
		86E1FBCE1FB978C100229FF1 /* interf_dec.h */ = {isa = PBXFileReference; fileEncoding = 4; lastKnownFileType = sourcecode.c.h; path = interf_dec.h; sourceTree = "<group>"; };
		86E1FBCF1FB978C100229FF1 /* libopencore-amrnb.a */ = {isa = PBXFileReference; lastKnownFileType = archive.ar; path = "libopencore-amrnb.a"; sourceTree = "<group>"; };
		86E1FBD01FB978C100229FF1 /* interf_enc.h */ = {isa = PBXFileReference; fileEncoding = 4; lastKnownFileType = sourcecode.c.h; path = interf_enc.h; sourceTree = "<group>"; };
		86E1FBD21FB978C100229FF1 /* wav.mm */ = {isa = PBXFileReference; fileEncoding = 4; lastKnownFileType = sourcecode.cpp.objcpp; path = wav.mm; sourceTree = "<group>"; };
		86E1FBD31FB978C100229FF1 /* amrFileCodec.mm */ = {isa = PBXFileReference; fileEncoding = 4; lastKnownFileType = sourcecode.cpp.objcpp; path = amrFileCodec.mm; sourceTree = "<group>"; };
		86E1FBD41FB978C100229FF1 /* amrFileCodec.h */ = {isa = PBXFileReference; fileEncoding = 4; lastKnownFileType = sourcecode.c.h; path = amrFileCodec.h; sourceTree = "<group>"; };
		86E1FBD51FB978C100229FF1 /* wav.h */ = {isa = PBXFileReference; fileEncoding = 4; lastKnownFileType = sourcecode.c.h; path = wav.h; sourceTree = "<group>"; };
		86E1FBD61FB978C100229FF1 /* EMVoiceConverter.mm */ = {isa = PBXFileReference; fileEncoding = 4; lastKnownFileType = sourcecode.cpp.objcpp; path = EMVoiceConverter.mm; sourceTree = "<group>"; };
		86E1FBD81FB978C100229FF1 /* EMCDDeviceManager+Microphone.h */ = {isa = PBXFileReference; fileEncoding = 4; lastKnownFileType = sourcecode.c.h; path = "EMCDDeviceManager+Microphone.h"; sourceTree = "<group>"; };
		86E1FBD91FB978C100229FF1 /* EMCDDeviceManager+Remind.m */ = {isa = PBXFileReference; fileEncoding = 4; lastKnownFileType = sourcecode.c.objc; path = "EMCDDeviceManager+Remind.m"; sourceTree = "<group>"; };
		86E1FBDA1FB978C100229FF1 /* EMCDDeviceManager+ProximitySensor.m */ = {isa = PBXFileReference; fileEncoding = 4; lastKnownFileType = sourcecode.c.objc; path = "EMCDDeviceManager+ProximitySensor.m"; sourceTree = "<group>"; };
		86E1FBDB1FB978C100229FF1 /* EMCDDeviceManager.h */ = {isa = PBXFileReference; fileEncoding = 4; lastKnownFileType = sourcecode.c.h; path = EMCDDeviceManager.h; sourceTree = "<group>"; };
		86E1FBDC1FB978C100229FF1 /* EMCDDeviceManagerBase.h */ = {isa = PBXFileReference; fileEncoding = 4; lastKnownFileType = sourcecode.c.h; path = EMCDDeviceManagerBase.h; sourceTree = "<group>"; };
		86E1FBDD1FB978C100229FF1 /* DemoErrorCode.h */ = {isa = PBXFileReference; fileEncoding = 4; lastKnownFileType = sourcecode.c.h; path = DemoErrorCode.h; sourceTree = "<group>"; };
		86E1FBDE1FB978C100229FF1 /* EMAudioPlayerUtil.h */ = {isa = PBXFileReference; fileEncoding = 4; lastKnownFileType = sourcecode.c.h; path = EMAudioPlayerUtil.h; sourceTree = "<group>"; };
		86E1FBDF1FB978C100229FF1 /* EMAudioRecorderUtil.h */ = {isa = PBXFileReference; fileEncoding = 4; lastKnownFileType = sourcecode.c.h; path = EMAudioRecorderUtil.h; sourceTree = "<group>"; };
		86E1FBE01FB978C100229FF1 /* EMCDDeviceManager+Media.m */ = {isa = PBXFileReference; fileEncoding = 4; lastKnownFileType = sourcecode.c.objc; path = "EMCDDeviceManager+Media.m"; sourceTree = "<group>"; };
		86E1FBE11FB978C100229FF1 /* EMCDDeviceManager+ProximitySensor.h */ = {isa = PBXFileReference; fileEncoding = 4; lastKnownFileType = sourcecode.c.h; path = "EMCDDeviceManager+ProximitySensor.h"; sourceTree = "<group>"; };
		86E1FBE21FB978C100229FF1 /* EMCDDeviceManager+Remind.h */ = {isa = PBXFileReference; fileEncoding = 4; lastKnownFileType = sourcecode.c.h; path = "EMCDDeviceManager+Remind.h"; sourceTree = "<group>"; };
		86E1FBE31FB978C100229FF1 /* EMCDDeviceManager+Microphone.m */ = {isa = PBXFileReference; fileEncoding = 4; lastKnownFileType = sourcecode.c.objc; path = "EMCDDeviceManager+Microphone.m"; sourceTree = "<group>"; };
		86E1FBE41FB978C100229FF1 /* EMAudioRecorderUtil.m */ = {isa = PBXFileReference; fileEncoding = 4; lastKnownFileType = sourcecode.c.objc; path = EMAudioRecorderUtil.m; sourceTree = "<group>"; };
		86E1FBE51FB978C100229FF1 /* EMAudioPlayerUtil.m */ = {isa = PBXFileReference; fileEncoding = 4; lastKnownFileType = sourcecode.c.objc; path = EMAudioPlayerUtil.m; sourceTree = "<group>"; };
		86E1FBE61FB978C100229FF1 /* EMCDDeviceManagerBase.m */ = {isa = PBXFileReference; fileEncoding = 4; lastKnownFileType = sourcecode.c.objc; path = EMCDDeviceManagerBase.m; sourceTree = "<group>"; };
		86E1FBE71FB978C100229FF1 /* EMCDDeviceManager+Media.h */ = {isa = PBXFileReference; fileEncoding = 4; lastKnownFileType = sourcecode.c.h; path = "EMCDDeviceManager+Media.h"; sourceTree = "<group>"; };
		86E1FBE91FB978C100229FF1 /* EMCDDeviceManagerDelegate.h */ = {isa = PBXFileReference; fileEncoding = 4; lastKnownFileType = sourcecode.c.h; path = EMCDDeviceManagerDelegate.h; sourceTree = "<group>"; };
		86E1FBEA1FB978C100229FF1 /* EMCDDeviceManagerProximitySensorDelegate.h */ = {isa = PBXFileReference; fileEncoding = 4; lastKnownFileType = sourcecode.c.h; path = EMCDDeviceManagerProximitySensorDelegate.h; sourceTree = "<group>"; };
		86E1FBF71FB9792400229FF1 /* EaseLocalDefine.h */ = {isa = PBXFileReference; fileEncoding = 4; lastKnownFileType = sourcecode.c.h; path = EaseLocalDefine.h; sourceTree = "<group>"; };
		9347056125438B4963067153 /* libPods-ChatDemo.a */ = {isa = PBXFileReference; explicitFileType = archive.ar; includeInIndex = 0; path = "libPods-ChatDemo.a"; sourceTree = BUILT_PRODUCTS_DIR; };
		C83B88E6E305BB4C2E5E02C2 /* Pods-ChatDemo.debug.xcconfig */ = {isa = PBXFileReference; includeInIndex = 1; lastKnownFileType = text.xcconfig; name = "Pods-ChatDemo.debug.xcconfig"; path = "Pods/Target Support Files/Pods-ChatDemo/Pods-ChatDemo.debug.xcconfig"; sourceTree = "<group>"; };
/* End PBXFileReference section */

/* Begin PBXFrameworksBuildPhase section */
		862F492C1FA6F9A600D0526C /* Frameworks */ = {
			isa = PBXFrameworksBuildPhase;
			buildActionMask = 2147483647;
			files = (
				86E1FBEB1FB978C200229FF1 /* libopencore-amrwb.a in Frameworks */,
				86E1FBEC1FB978C200229FF1 /* libopencore-amrnb.a in Frameworks */,
				F6F2DA1D7740A1162940DD0D /* libPods-ChatDemo.a in Frameworks */,
			);
			runOnlyForDeploymentPostprocessing = 0;
		};
		862F49441FA6F9A600D0526C /* Frameworks */ = {
			isa = PBXFrameworksBuildPhase;
			buildActionMask = 2147483647;
			files = (
			);
			runOnlyForDeploymentPostprocessing = 0;
		};
		862F494F1FA6F9A600D0526C /* Frameworks */ = {
			isa = PBXFrameworksBuildPhase;
			buildActionMask = 2147483647;
			files = (
			);
			runOnlyForDeploymentPostprocessing = 0;
		};
/* End PBXFrameworksBuildPhase section */

/* Begin PBXGroup section */
		4790F388FF1753767805F14B /* Pods */ = {
			isa = PBXGroup;
			children = (
				C83B88E6E305BB4C2E5E02C2 /* Pods-ChatDemo.debug.xcconfig */,
				5AB65D525956B301A38CF727 /* Pods-ChatDemo.release.xcconfig */,
			);
			name = Pods;
			sourceTree = "<group>";
		};
		820F8A3F7BD127D694CD2331 /* Frameworks */ = {
			isa = PBXGroup;
			children = (
				9347056125438B4963067153 /* libPods-ChatDemo.a */,
			);
			name = Frameworks;
			sourceTree = "<group>";
		};
		860631811FA7021A00D4542A /* Chat */ = {
			isa = PBXGroup;
			children = (
				8689588D1FA70D7A00BC0619 /* TabBarViewController.h */,
				8689588E1FA70D7A00BC0619 /* TabBarViewController.m */,
				860631821FA7022F00D4542A /* FriendListViewController.h */,
				860631831FA7022F00D4542A /* FriendListViewController.m */,
				868958901FA70DAE00BC0619 /* ConversationListController.h */,
				868958911FA70DAE00BC0619 /* ConversationListController.m */,
			);
			path = Chat;
			sourceTree = "<group>";
		};
		862F49261FA6F9A500D0526C = {
			isa = PBXGroup;
			children = (
				862F49311FA6F9A600D0526C /* ChatDemo */,
				862F494A1FA6F9A600D0526C /* ChatDemoTests */,
				862F49551FA6F9A600D0526C /* ChatDemoUITests */,
				862F49301FA6F9A600D0526C /* Products */,
				4790F388FF1753767805F14B /* Pods */,
				820F8A3F7BD127D694CD2331 /* Frameworks */,
			);
			sourceTree = "<group>";
		};
		862F49301FA6F9A600D0526C /* Products */ = {
			isa = PBXGroup;
			children = (
				862F492F1FA6F9A600D0526C /* ChatDemo.app */,
				862F49471FA6F9A600D0526C /* ChatDemoTests.xctest */,
				862F49521FA6F9A600D0526C /* ChatDemoUITests.xctest */,
			);
			name = Products;
			sourceTree = "<group>";
		};
		862F49311FA6F9A600D0526C /* ChatDemo */ = {
			isa = PBXGroup;
			children = (
				868958931FA7164300BC0619 /* ChatController */,
				860631811FA7021A00D4542A /* Chat */,
				862F49321FA6F9A600D0526C /* AppDelegate.h */,
				862F49331FA6F9A600D0526C /* AppDelegate.m */,
				862F49351FA6F9A600D0526C /* ViewController.h */,
				862F49361FA6F9A600D0526C /* ViewController.m */,
				8606ED531FA81B360023B9DE /* UIColor+Utils.h */,
				8606ED541FA81B360023B9DE /* UIColor+Utils.m */,
				8606ED5F1FA87B370023B9DE /* UIView+Sugar.h */,
				8606ED601FA87B380023B9DE /* UIView+Sugar.m */,
				86C1CB381FB42ADA00D5F2D9 /* Localizable.strings */,
				862F493B1FA6F9A600D0526C /* Assets.xcassets */,
				862F493D1FA6F9A600D0526C /* LaunchScreen.storyboard */,
				862F49381FA6F9A600D0526C /* Main.storyboard */,
				862F49401FA6F9A600D0526C /* Info.plist */,
				862F49411FA6F9A600D0526C /* main.m */,
			);
			path = ChatDemo;
			sourceTree = "<group>";
		};
		862F494A1FA6F9A600D0526C /* ChatDemoTests */ = {
			isa = PBXGroup;
			children = (
				862F494B1FA6F9A600D0526C /* ChatDemoTests.m */,
				862F494D1FA6F9A600D0526C /* Info.plist */,
			);
			path = ChatDemoTests;
			sourceTree = "<group>";
		};
		862F49551FA6F9A600D0526C /* ChatDemoUITests */ = {
			isa = PBXGroup;
			children = (
				862F49561FA6F9A600D0526C /* ChatDemoUITests.m */,
				862F49581FA6F9A600D0526C /* Info.plist */,
			);
			path = ChatDemoUITests;
			sourceTree = "<group>";
		};
		863494C51FBD26D3001D293C /* AlertImageView */ = {
			isa = PBXGroup;
			children = (
				863494C91FBD2AA0001D293C /* ChatAlertImageController.h */,
				863494CA1FBD2AA0001D293C /* ChatAlertImageController.m */,
				863494D11FBD3DD9001D293C /* ChatAlertView.h */,
				863494D21FBD3DD9001D293C /* ChatAlertView.m */,
				863494D61FBD4184001D293C /* ChatAlertView.xib */,
				863494D81FBD46CF001D293C /* ChatAlertAnimator.h */,
				863494D91FBD46CF001D293C /* ChatAlertAnimator.m */,
			);
			path = AlertImageView;
			sourceTree = "<group>";
		};
		865CD01E1FCA636C001D3FFC /* PhotoBrowser */ = {
			isa = PBXGroup;
			children = (
				865CD01F1FCA6388001D3FFC /* PhotoBrowserController.h */,
				865CD0201FCA6388001D3FFC /* PhotoBrowserController.m */,
				865CD0221FCA98FF001D3FFC /* PhotosCell.h */,
				865CD0231FCA98FF001D3FFC /* PhotosCell.m */,
				865CD0261FCA9C0C001D3FFC /* PhotoLoadingView.h */,
				865CD0251FCA9C0C001D3FFC /* PhotoLoadingView.m */,
				865CD0281FCAA643001D3FFC /* PhotoModel.h */,
				865CD0291FCAA643001D3FFC /* PhotoModel.m */,
			);
			path = PhotoBrowser;
			sourceTree = "<group>";
		};
		8666FD961FAAD3CC00CD12C7 /* MoreView */ = {
			isa = PBXGroup;
			children = (
				8666FD971FAAD3CC00CD12C7 /* ChatToolBarMoreView.h */,
				8666FD981FAAD3CC00CD12C7 /* ChatToolBarMoreView.m */,
				8666FD9A1FAAD3FF00CD12C7 /* ChatToolBarMoreCell.h */,
				8666FD9B1FAAD3FF00CD12C7 /* ChatToolBarMoreCell.m */,
				8666FD9D1FAAD7B600CD12C7 /* ChatToolBarMoreModel.h */,
				8666FD9E1FAAD7B600CD12C7 /* ChatToolBarMoreModel.m */,
			);
			path = MoreView;
			sourceTree = "<group>";
		};
		867B14AE1FA9A80F00437544 /* VoiceRecord */ = {
			isa = PBXGroup;
			children = (
				867B14B21FA9A8C600437544 /* VoiceRecordHeader.h */,
				867B14B71FA9AC8500437544 /* UIImage+Category.h */,
				867B14B61FA9AC8500437544 /* UIImage+Category.m */,
				867B14B91FA9BF6F00437544 /* VoiceRecordButton.h */,
				867B14BA1FA9BF7000437544 /* VoiceRecordButton.m */,
				867B14BF1FA9BFDB00437544 /* VoiceRecordView.h */,
				867B14C01FA9BFDB00437544 /* VoiceRecordView.m */,
				867B14BC1FA9BFCF00437544 /* VoiceRecordContentView.h */,
				867B14BD1FA9BFCF00437544 /* VoiceRecordContentView.m */,
				867B14C21FA9C43C00437544 /* VoiceRecordPowerAnimationView.h */,
				867B14C31FA9C43C00437544 /* VoiceRecordPowerAnimationView.m */,
				86969CFB1FAAC4E600AD55B7 /* VoiceRecordController.h */,
				86969CFC1FAAC4E700AD55B7 /* VoiceRecordController.m */,
			);
			path = VoiceRecord;
			sourceTree = "<group>";
		};
		868958931FA7164300BC0619 /* ChatController */ = {
			isa = PBXGroup;
			children = (
				865CD01E1FCA636C001D3FFC /* PhotoBrowser */,
				863494C51FBD26D3001D293C /* AlertImageView */,
				86C1CB221FB410F700D5F2D9 /* ChatLibs */,
				86C1CB0F1FB3F0B200D5F2D9 /* BubbleView */,
				86A06AEE1FB04A1A0000A53F /* MessageCell */,
				86A06ADF1FB0098B0000A53F /* ToolBarView */,
				8666FD961FAAD3CC00CD12C7 /* MoreView */,
				867B14AE1FA9A80F00437544 /* VoiceRecord */,
				868958991FA72D2A00BC0619 /* Controller */,
				868958971FA72D2A00BC0619 /* Model */,
			);
			path = ChatController;
			sourceTree = "<group>";
		};
		868958971FA72D2A00BC0619 /* Model */ = {
			isa = PBXGroup;
			children = (
				86E0F6981FBC3C2400ECD7CD /* ChatControllerHeader.h */,
				8642AA751FB312D800E81849 /* ChatHelp.h */,
				8642AA761FB312D800E81849 /* ChatHelp.m */,
				86A06AF51FB065430000A53F /* MessageModel.h */,
				86A06AF61FB065430000A53F /* MessageModel.m */,
			);
			path = Model;
			sourceTree = "<group>";
		};
		868958991FA72D2A00BC0619 /* Controller */ = {
			isa = PBXGroup;
			children = (
				8689589A1FA72D2A00BC0619 /* ChatController.h */,
				8689589B1FA72D2A00BC0619 /* ChatController.m */,
			);
			path = Controller;
			sourceTree = "<group>";
		};
		86A06ADF1FB0098B0000A53F /* ToolBarView */ = {
			isa = PBXGroup;
			children = (
				86A06AE01FB0098B0000A53F /* ChatToolBarHeader.h */,
				86A06AE21FB0098B0000A53F /* ChatToolBarItem.h */,
				86A06AE41FB0098B0000A53F /* ChatToolBarItem.m */,
				86A06AE11FB0098B0000A53F /* ChatToolInputView.h */,
				86A06AE51FB0098B0000A53F /* ChatToolInputView.m */,
				86A06AE61FB0098B0000A53F /* ChatToolBar.h */,
				86A06AE31FB0098B0000A53F /* ChatToolBar.m */,
			);
			path = ToolBarView;
			sourceTree = "<group>";
		};
		86A06AEE1FB04A1A0000A53F /* MessageCell */ = {
			isa = PBXGroup;
			children = (
				867904321FB19900004545D5 /* MessageCellHeader.h */,
				86A06AEF1FB04A530000A53F /* MessageBaseCell.h */,
				86A06AF01FB04A530000A53F /* MessageBaseCell.m */,
				86C1CB1C1FB3F11200D5F2D9 /* MessageCell.h */,
				86C1CB1D1FB3F11200D5F2D9 /* MessageCell.m */,
				86C1CB1F1FB4041500D5F2D9 /* MessageTimeCell.h */,
				86C1CB201FB4041500D5F2D9 /* MessageTimeCell.m */,
			);
			path = MessageCell;
			sourceTree = "<group>";
		};
		86C1CB0F1FB3F0B200D5F2D9 /* BubbleView */ = {
			isa = PBXGroup;
			children = (
				86C1CB101FB3F0B200D5F2D9 /* MJBubbleView.h */,
				86C1CB151FB3F0B200D5F2D9 /* MJBubbleView.m */,
				86C1CB111FB3F0B200D5F2D9 /* MJBubbleView+Text.h */,
				86C1CB141FB3F0B200D5F2D9 /* MJBubbleView+Text.m */,
				86C1CB161FB3F0B200D5F2D9 /* MJBubbleView+Image.h */,
				86C1CB121FB3F0B200D5F2D9 /* MJBubbleView+Image.m */,
				86C1CB171FB3F0B200D5F2D9 /* MJBubbleView+Voice.h */,
				86C1CB131FB3F0B200D5F2D9 /* MJBubbleView+Voice.m */,
			);
			path = BubbleView;
			sourceTree = "<group>";
		};
		86C1CB221FB410F700D5F2D9 /* ChatLibs */ = {
			isa = PBXGroup;
			children = (
				86E1FBC61FB978C100229FF1 /* DeviceHelper */,
				86C1CB261FB4280200D5F2D9 /* NSDate+Category.h */,
				86C1CB271FB4280200D5F2D9 /* NSDate+Category.m */,
				86C1CB291FB4281600D5F2D9 /* NSDateFormatter+Category.h */,
				86C1CB2A1FB4281600D5F2D9 /* NSDateFormatter+Category.m */,
				86CAB3AC1FB59098009DC044 /* MessageReadManager.h */,
				86CAB3AD1FB59098009DC044 /* MessageReadManager.m */,
			);
			path = ChatLibs;
			sourceTree = "<group>";
		};
		86E1FBC61FB978C100229FF1 /* DeviceHelper */ = {
			isa = PBXGroup;
			children = (
				86E1FBC71FB978C100229FF1 /* VoiceConvert */,
				86E1FBD71FB978C100229FF1 /* internal */,
				86E1FBE81FB978C100229FF1 /* delegates */,
			);
			path = DeviceHelper;
			sourceTree = "<group>";
		};
		86E1FBC71FB978C100229FF1 /* VoiceConvert */ = {
			isa = PBXGroup;
			children = (
				86E1FBC81FB978C100229FF1 /* opencore-amrwb */,
				86E1FBCD1FB978C100229FF1 /* opencore-amrnb */,
				86E1FBD11FB978C100229FF1 /* amrwapper */,
				86E1FBCC1FB978C100229FF1 /* EMVoiceConverter.h */,
				86E1FBD61FB978C100229FF1 /* EMVoiceConverter.mm */,
			);
			path = VoiceConvert;
			sourceTree = "<group>";
		};
		86E1FBC81FB978C100229FF1 /* opencore-amrwb */ = {
			isa = PBXGroup;
			children = (
				86E1FBC91FB978C100229FF1 /* libopencore-amrwb.a */,
				86E1FBCA1FB978C100229FF1 /* if_rom.h */,
				86E1FBCB1FB978C100229FF1 /* dec_if.h */,
			);
			path = "opencore-amrwb";
			sourceTree = "<group>";
		};
		86E1FBCD1FB978C100229FF1 /* opencore-amrnb */ = {
			isa = PBXGroup;
			children = (
				86E1FBCE1FB978C100229FF1 /* interf_dec.h */,
				86E1FBCF1FB978C100229FF1 /* libopencore-amrnb.a */,
				86E1FBD01FB978C100229FF1 /* interf_enc.h */,
			);
			path = "opencore-amrnb";
			sourceTree = "<group>";
		};
		86E1FBD11FB978C100229FF1 /* amrwapper */ = {
			isa = PBXGroup;
			children = (
				86E1FBD21FB978C100229FF1 /* wav.mm */,
				86E1FBD31FB978C100229FF1 /* amrFileCodec.mm */,
				86E1FBD41FB978C100229FF1 /* amrFileCodec.h */,
				86E1FBD51FB978C100229FF1 /* wav.h */,
			);
			path = amrwapper;
			sourceTree = "<group>";
		};
		86E1FBD71FB978C100229FF1 /* internal */ = {
			isa = PBXGroup;
			children = (
				86E1FBDD1FB978C100229FF1 /* DemoErrorCode.h */,
				86E1FBD81FB978C100229FF1 /* EMCDDeviceManager+Microphone.h */,
				86E1FBE31FB978C100229FF1 /* EMCDDeviceManager+Microphone.m */,
				86E1FBE21FB978C100229FF1 /* EMCDDeviceManager+Remind.h */,
				86E1FBD91FB978C100229FF1 /* EMCDDeviceManager+Remind.m */,
				86E1FBE11FB978C100229FF1 /* EMCDDeviceManager+ProximitySensor.h */,
				86E1FBDA1FB978C100229FF1 /* EMCDDeviceManager+ProximitySensor.m */,
				86E1FBDB1FB978C100229FF1 /* EMCDDeviceManager.h */,
				86E1FBDC1FB978C100229FF1 /* EMCDDeviceManagerBase.h */,
				86E1FBE61FB978C100229FF1 /* EMCDDeviceManagerBase.m */,
				86E1FBDE1FB978C100229FF1 /* EMAudioPlayerUtil.h */,
				86E1FBE51FB978C100229FF1 /* EMAudioPlayerUtil.m */,
				86E1FBDF1FB978C100229FF1 /* EMAudioRecorderUtil.h */,
				86E1FBE41FB978C100229FF1 /* EMAudioRecorderUtil.m */,
				86E1FBE71FB978C100229FF1 /* EMCDDeviceManager+Media.h */,
				86E1FBE01FB978C100229FF1 /* EMCDDeviceManager+Media.m */,
			);
			path = internal;
			sourceTree = "<group>";
		};
		86E1FBE81FB978C100229FF1 /* delegates */ = {
			isa = PBXGroup;
			children = (
				86E1FBF71FB9792400229FF1 /* EaseLocalDefine.h */,
				86E1FBE91FB978C100229FF1 /* EMCDDeviceManagerDelegate.h */,
				86E1FBEA1FB978C100229FF1 /* EMCDDeviceManagerProximitySensorDelegate.h */,
			);
			path = delegates;
			sourceTree = "<group>";
		};
/* End PBXGroup section */

/* Begin PBXNativeTarget section */
		862F492E1FA6F9A600D0526C /* ChatDemo */ = {
			isa = PBXNativeTarget;
			buildConfigurationList = 862F495B1FA6F9A600D0526C /* Build configuration list for PBXNativeTarget "ChatDemo" */;
			buildPhases = (
				407AA5B7BCA1794AFFAECA3C /* [CP] Check Pods Manifest.lock */,
				862F492B1FA6F9A600D0526C /* Sources */,
				862F492C1FA6F9A600D0526C /* Frameworks */,
				862F492D1FA6F9A600D0526C /* Resources */,
				DAB0B83C1A446B884CC1CB73 /* [CP] Embed Pods Frameworks */,
				07880B64FF74BCC5EDF35C82 /* [CP] Copy Pods Resources */,
			);
			buildRules = (
			);
			dependencies = (
			);
			name = ChatDemo;
			productName = ChatDemo;
			productReference = 862F492F1FA6F9A600D0526C /* ChatDemo.app */;
			productType = "com.apple.product-type.application";
		};
		862F49461FA6F9A600D0526C /* ChatDemoTests */ = {
			isa = PBXNativeTarget;
			buildConfigurationList = 862F495E1FA6F9A600D0526C /* Build configuration list for PBXNativeTarget "ChatDemoTests" */;
			buildPhases = (
				862F49431FA6F9A600D0526C /* Sources */,
				862F49441FA6F9A600D0526C /* Frameworks */,
				862F49451FA6F9A600D0526C /* Resources */,
			);
			buildRules = (
			);
			dependencies = (
				862F49491FA6F9A600D0526C /* PBXTargetDependency */,
			);
			name = ChatDemoTests;
			productName = ChatDemoTests;
			productReference = 862F49471FA6F9A600D0526C /* ChatDemoTests.xctest */;
			productType = "com.apple.product-type.bundle.unit-test";
		};
		862F49511FA6F9A600D0526C /* ChatDemoUITests */ = {
			isa = PBXNativeTarget;
			buildConfigurationList = 862F49611FA6F9A600D0526C /* Build configuration list for PBXNativeTarget "ChatDemoUITests" */;
			buildPhases = (
				862F494E1FA6F9A600D0526C /* Sources */,
				862F494F1FA6F9A600D0526C /* Frameworks */,
				862F49501FA6F9A600D0526C /* Resources */,
			);
			buildRules = (
			);
			dependencies = (
				862F49541FA6F9A600D0526C /* PBXTargetDependency */,
			);
			name = ChatDemoUITests;
			productName = ChatDemoUITests;
			productReference = 862F49521FA6F9A600D0526C /* ChatDemoUITests.xctest */;
			productType = "com.apple.product-type.bundle.ui-testing";
		};
/* End PBXNativeTarget section */

/* Begin PBXProject section */
		862F49271FA6F9A500D0526C /* Project object */ = {
			isa = PBXProject;
			attributes = {
				LastUpgradeCheck = 0900;
				ORGANIZATIONNAME = Musjoy;
				TargetAttributes = {
					862F492E1FA6F9A600D0526C = {
						CreatedOnToolsVersion = 9.0.1;
						ProvisioningStyle = Automatic;
					};
					862F49461FA6F9A600D0526C = {
						CreatedOnToolsVersion = 9.0.1;
						ProvisioningStyle = Automatic;
						TestTargetID = 862F492E1FA6F9A600D0526C;
					};
					862F49511FA6F9A600D0526C = {
						CreatedOnToolsVersion = 9.0.1;
						ProvisioningStyle = Automatic;
						TestTargetID = 862F492E1FA6F9A600D0526C;
					};
				};
			};
			buildConfigurationList = 862F492A1FA6F9A500D0526C /* Build configuration list for PBXProject "ChatDemo" */;
			compatibilityVersion = "Xcode 8.0";
			developmentRegion = en;
			hasScannedForEncodings = 0;
			knownRegions = (
				en,
				Base,
				"zh-Hans",
			);
			mainGroup = 862F49261FA6F9A500D0526C;
			productRefGroup = 862F49301FA6F9A600D0526C /* Products */;
			projectDirPath = "";
			projectRoot = "";
			targets = (
				862F492E1FA6F9A600D0526C /* ChatDemo */,
				862F49461FA6F9A600D0526C /* ChatDemoTests */,
				862F49511FA6F9A600D0526C /* ChatDemoUITests */,
			);
		};
/* End PBXProject section */

/* Begin PBXResourcesBuildPhase section */
		862F492D1FA6F9A600D0526C /* Resources */ = {
			isa = PBXResourcesBuildPhase;
			buildActionMask = 2147483647;
			files = (
				863494D71FBD4184001D293C /* ChatAlertView.xib in Resources */,
				862F493F1FA6F9A600D0526C /* LaunchScreen.storyboard in Resources */,
				86C1CB361FB42ADA00D5F2D9 /* Localizable.strings in Resources */,
				862F493C1FA6F9A600D0526C /* Assets.xcassets in Resources */,
				862F493A1FA6F9A600D0526C /* Main.storyboard in Resources */,
			);
			runOnlyForDeploymentPostprocessing = 0;
		};
		862F49451FA6F9A600D0526C /* Resources */ = {
			isa = PBXResourcesBuildPhase;
			buildActionMask = 2147483647;
			files = (
			);
			runOnlyForDeploymentPostprocessing = 0;
		};
		862F49501FA6F9A600D0526C /* Resources */ = {
			isa = PBXResourcesBuildPhase;
			buildActionMask = 2147483647;
			files = (
			);
			runOnlyForDeploymentPostprocessing = 0;
		};
/* End PBXResourcesBuildPhase section */

/* Begin PBXShellScriptBuildPhase section */
		07880B64FF74BCC5EDF35C82 /* [CP] Copy Pods Resources */ = {
			isa = PBXShellScriptBuildPhase;
			buildActionMask = 2147483647;
			files = (
			);
			inputPaths = (
				"${SRCROOT}/Pods/Target Support Files/Pods-ChatDemo/Pods-ChatDemo-resources.sh",
				"${PODS_ROOT}/EaseUI/EaseUI/resources/EaseUIResource.bundle",
				"${PODS_ROOT}/MJRefresh/MJRefresh/MJRefresh.bundle",
				$PODS_CONFIGURATION_BUILD_DIR/MWPhotoBrowser/MWPhotoBrowser.bundle,
			);
			name = "[CP] Copy Pods Resources";
			outputPaths = (
				"${TARGET_BUILD_DIR}/${UNLOCALIZED_RESOURCES_FOLDER_PATH}",
			);
			runOnlyForDeploymentPostprocessing = 0;
			shellPath = /bin/sh;
			shellScript = "\"${SRCROOT}/Pods/Target Support Files/Pods-ChatDemo/Pods-ChatDemo-resources.sh\"\n";
			showEnvVarsInLog = 0;
		};
		407AA5B7BCA1794AFFAECA3C /* [CP] Check Pods Manifest.lock */ = {
			isa = PBXShellScriptBuildPhase;
			buildActionMask = 2147483647;
			files = (
			);
			inputPaths = (
				"${PODS_PODFILE_DIR_PATH}/Podfile.lock",
				"${PODS_ROOT}/Manifest.lock",
			);
			name = "[CP] Check Pods Manifest.lock";
			outputPaths = (
				"$(DERIVED_FILE_DIR)/Pods-ChatDemo-checkManifestLockResult.txt",
			);
			runOnlyForDeploymentPostprocessing = 0;
			shellPath = /bin/sh;
			shellScript = "diff \"${PODS_PODFILE_DIR_PATH}/Podfile.lock\" \"${PODS_ROOT}/Manifest.lock\" > /dev/null\nif [ $? != 0 ] ; then\n    # print error to STDERR\n    echo \"error: The sandbox is not in sync with the Podfile.lock. Run 'pod install' or update your CocoaPods installation.\" >&2\n    exit 1\nfi\n# This output is used by Xcode 'outputs' to avoid re-running this script phase.\necho \"SUCCESS\" > \"${SCRIPT_OUTPUT_FILE_0}\"\n";
			showEnvVarsInLog = 0;
		};
		DAB0B83C1A446B884CC1CB73 /* [CP] Embed Pods Frameworks */ = {
			isa = PBXShellScriptBuildPhase;
			buildActionMask = 2147483647;
			files = (
			);
			inputPaths = (
				"${SRCROOT}/Pods/Target Support Files/Pods-ChatDemo/Pods-ChatDemo-frameworks.sh",
				"${PODS_ROOT}/Hyphenate/ios_IM_Hyphenate_sdk_3.3.6/HyphenateFullSDK/Hyphenate.framework",
			);
			name = "[CP] Embed Pods Frameworks";
			outputPaths = (
				"${TARGET_BUILD_DIR}/${FRAMEWORKS_FOLDER_PATH}/Hyphenate.framework",
			);
			runOnlyForDeploymentPostprocessing = 0;
			shellPath = /bin/sh;
			shellScript = "\"${SRCROOT}/Pods/Target Support Files/Pods-ChatDemo/Pods-ChatDemo-frameworks.sh\"\n";
			showEnvVarsInLog = 0;
		};
/* End PBXShellScriptBuildPhase section */

/* Begin PBXSourcesBuildPhase section */
		862F492B1FA6F9A600D0526C /* Sources */ = {
			isa = PBXSourcesBuildPhase;
			buildActionMask = 2147483647;
			files = (
				86C1CB211FB4041500D5F2D9 /* MessageTimeCell.m in Sources */,
				863494D31FBD3DD9001D293C /* ChatAlertView.m in Sources */,
				86C1CB181FB3F0B200D5F2D9 /* MJBubbleView+Image.m in Sources */,
				8689588F1FA70D7A00BC0619 /* TabBarViewController.m in Sources */,
				860631841FA7022F00D4542A /* FriendListViewController.m in Sources */,
				862F49371FA6F9A600D0526C /* ViewController.m in Sources */,
				867B14C11FA9BFDB00437544 /* VoiceRecordView.m in Sources */,
				862F49421FA6F9A600D0526C /* main.m in Sources */,
				86C1CB191FB3F0B200D5F2D9 /* MJBubbleView+Voice.m in Sources */,
				86C1CB281FB4280200D5F2D9 /* NSDate+Category.m in Sources */,
				867B14C41FA9C43C00437544 /* VoiceRecordPowerAnimationView.m in Sources */,
				867B14B81FA9AC8500437544 /* UIImage+Category.m in Sources */,
				8666FD991FAAD3CC00CD12C7 /* ChatToolBarMoreView.m in Sources */,
				8642AA771FB312D800E81849 /* ChatHelp.m in Sources */,
				8606ED551FA81B360023B9DE /* UIColor+Utils.m in Sources */,
				86E1FBEE1FB978C200229FF1 /* amrFileCodec.mm in Sources */,
				86E1FBED1FB978C200229FF1 /* wav.mm in Sources */,
				868958921FA70DAE00BC0619 /* ConversationListController.m in Sources */,
				8689589C1FA72D2A00BC0619 /* ChatController.m in Sources */,
				862F49341FA6F9A600D0526C /* AppDelegate.m in Sources */,
				86E1FBF51FB978C200229FF1 /* EMAudioPlayerUtil.m in Sources */,
				865CD0271FCA9C0C001D3FFC /* PhotoLoadingView.m in Sources */,
				86E1FBEF1FB978C200229FF1 /* EMVoiceConverter.mm in Sources */,
				86E1FBF41FB978C200229FF1 /* EMAudioRecorderUtil.m in Sources */,
				86E1FBF11FB978C200229FF1 /* EMCDDeviceManager+ProximitySensor.m in Sources */,
				86C1CB2B1FB4281600D5F2D9 /* NSDateFormatter+Category.m in Sources */,
				865CD02A1FCAA643001D3FFC /* PhotoModel.m in Sources */,
				86C1CB1A1FB3F0B200D5F2D9 /* MJBubbleView+Text.m in Sources */,
				86CAB3AE1FB59098009DC044 /* MessageReadManager.m in Sources */,
				86E1FBF21FB978C200229FF1 /* EMCDDeviceManager+Media.m in Sources */,
				86E1FBF01FB978C200229FF1 /* EMCDDeviceManager+Remind.m in Sources */,
				863494CC1FBD2AA0001D293C /* ChatAlertImageController.m in Sources */,
				86969CFD1FAAC4E700AD55B7 /* VoiceRecordController.m in Sources */,
				8606ED611FA87B380023B9DE /* UIView+Sugar.m in Sources */,
				86E1FBF31FB978C200229FF1 /* EMCDDeviceManager+Microphone.m in Sources */,
				867B14BE1FA9BFCF00437544 /* VoiceRecordContentView.m in Sources */,
				86A06AE71FB0098B0000A53F /* ChatToolBar.m in Sources */,
				8666FD9C1FAAD3FF00CD12C7 /* ChatToolBarMoreCell.m in Sources */,
				865CD0241FCA98FF001D3FFC /* PhotosCell.m in Sources */,
				867B14BB1FA9BF7000437544 /* VoiceRecordButton.m in Sources */,
				86E1FBF61FB978C200229FF1 /* EMCDDeviceManagerBase.m in Sources */,
				86A06AF11FB04A530000A53F /* MessageBaseCell.m in Sources */,
				863494DA1FBD46CF001D293C /* ChatAlertAnimator.m in Sources */,
				865CD0211FCA6388001D3FFC /* PhotoBrowserController.m in Sources */,
				86C1CB1B1FB3F0B200D5F2D9 /* MJBubbleView.m in Sources */,
				86A06AE81FB0098B0000A53F /* ChatToolBarItem.m in Sources */,
				86A06AE91FB0098B0000A53F /* ChatToolInputView.m in Sources */,
				8666FD9F1FAAD7B600CD12C7 /* ChatToolBarMoreModel.m in Sources */,
				86A06AF71FB065430000A53F /* MessageModel.m in Sources */,
				86C1CB1E1FB3F11200D5F2D9 /* MessageCell.m in Sources */,
			);
			runOnlyForDeploymentPostprocessing = 0;
		};
		862F49431FA6F9A600D0526C /* Sources */ = {
			isa = PBXSourcesBuildPhase;
			buildActionMask = 2147483647;
			files = (
				862F494C1FA6F9A600D0526C /* ChatDemoTests.m in Sources */,
			);
			runOnlyForDeploymentPostprocessing = 0;
		};
		862F494E1FA6F9A600D0526C /* Sources */ = {
			isa = PBXSourcesBuildPhase;
			buildActionMask = 2147483647;
			files = (
				862F49571FA6F9A600D0526C /* ChatDemoUITests.m in Sources */,
			);
			runOnlyForDeploymentPostprocessing = 0;
		};
/* End PBXSourcesBuildPhase section */

/* Begin PBXTargetDependency section */
		862F49491FA6F9A600D0526C /* PBXTargetDependency */ = {
			isa = PBXTargetDependency;
			target = 862F492E1FA6F9A600D0526C /* ChatDemo */;
			targetProxy = 862F49481FA6F9A600D0526C /* PBXContainerItemProxy */;
		};
		862F49541FA6F9A600D0526C /* PBXTargetDependency */ = {
			isa = PBXTargetDependency;
			target = 862F492E1FA6F9A600D0526C /* ChatDemo */;
			targetProxy = 862F49531FA6F9A600D0526C /* PBXContainerItemProxy */;
		};
/* End PBXTargetDependency section */

/* Begin PBXVariantGroup section */
		862F49381FA6F9A600D0526C /* Main.storyboard */ = {
			isa = PBXVariantGroup;
			children = (
				862F49391FA6F9A600D0526C /* Base */,
				86C1CB2D1FB429CE00D5F2D9 /* zh-Hans */,
			);
			name = Main.storyboard;
			sourceTree = "<group>";
		};
		862F493D1FA6F9A600D0526C /* LaunchScreen.storyboard */ = {
			isa = PBXVariantGroup;
			children = (
				862F493E1FA6F9A600D0526C /* Base */,
				86C1CB2C1FB429CE00D5F2D9 /* zh-Hans */,
			);
			name = LaunchScreen.storyboard;
			sourceTree = "<group>";
		};
		86C1CB381FB42ADA00D5F2D9 /* Localizable.strings */ = {
			isa = PBXVariantGroup;
			children = (
				86C1CB371FB42ADA00D5F2D9 /* en */,
				86C1CB391FB42ADB00D5F2D9 /* zh-Hans */,
			);
			name = Localizable.strings;
			sourceTree = "<group>";
		};
/* End PBXVariantGroup section */

/* Begin XCBuildConfiguration section */
		862F49591FA6F9A600D0526C /* Debug */ = {
			isa = XCBuildConfiguration;
			buildSettings = {
				ALWAYS_SEARCH_USER_PATHS = NO;
				CLANG_ANALYZER_LOCALIZABILITY_NONLOCALIZED = YES;
				CLANG_ANALYZER_NONNULL = YES;
				CLANG_ANALYZER_NUMBER_OBJECT_CONVERSION = YES_AGGRESSIVE;
				CLANG_CXX_LANGUAGE_STANDARD = "gnu++14";
				CLANG_CXX_LIBRARY = "libc++";
				CLANG_ENABLE_MODULES = YES;
				CLANG_ENABLE_OBJC_ARC = YES;
				CLANG_WARN_BLOCK_CAPTURE_AUTORELEASING = YES;
				CLANG_WARN_BOOL_CONVERSION = YES;
				CLANG_WARN_COMMA = YES;
				CLANG_WARN_CONSTANT_CONVERSION = YES;
				CLANG_WARN_DIRECT_OBJC_ISA_USAGE = YES_ERROR;
				CLANG_WARN_DOCUMENTATION_COMMENTS = YES;
				CLANG_WARN_EMPTY_BODY = YES;
				CLANG_WARN_ENUM_CONVERSION = YES;
				CLANG_WARN_INFINITE_RECURSION = YES;
				CLANG_WARN_INT_CONVERSION = YES;
				CLANG_WARN_NON_LITERAL_NULL_CONVERSION = YES;
				CLANG_WARN_OBJC_LITERAL_CONVERSION = YES;
				CLANG_WARN_OBJC_ROOT_CLASS = YES_ERROR;
				CLANG_WARN_RANGE_LOOP_ANALYSIS = YES;
				CLANG_WARN_STRICT_PROTOTYPES = YES;
				CLANG_WARN_SUSPICIOUS_MOVE = YES;
				CLANG_WARN_UNGUARDED_AVAILABILITY = YES_AGGRESSIVE;
				CLANG_WARN_UNREACHABLE_CODE = YES;
				CLANG_WARN__DUPLICATE_METHOD_MATCH = YES;
				CODE_SIGN_IDENTITY = "iPhone Developer";
				COPY_PHASE_STRIP = NO;
				DEBUG_INFORMATION_FORMAT = dwarf;
				ENABLE_STRICT_OBJC_MSGSEND = YES;
				ENABLE_TESTABILITY = YES;
				GCC_C_LANGUAGE_STANDARD = gnu11;
				GCC_DYNAMIC_NO_PIC = NO;
				GCC_NO_COMMON_BLOCKS = YES;
				GCC_OPTIMIZATION_LEVEL = 0;
				GCC_PREPROCESSOR_DEFINITIONS = (
					"DEBUG=1",
					"$(inherited)",
				);
				GCC_WARN_64_TO_32_BIT_CONVERSION = YES;
				GCC_WARN_ABOUT_RETURN_TYPE = YES_ERROR;
				GCC_WARN_UNDECLARED_SELECTOR = YES;
				GCC_WARN_UNINITIALIZED_AUTOS = YES_AGGRESSIVE;
				GCC_WARN_UNUSED_FUNCTION = YES;
				GCC_WARN_UNUSED_VARIABLE = YES;
				IPHONEOS_DEPLOYMENT_TARGET = 8.0;
				MTL_ENABLE_DEBUG_INFO = YES;
				ONLY_ACTIVE_ARCH = YES;
				SDKROOT = iphoneos;
			};
			name = Debug;
		};
		862F495A1FA6F9A600D0526C /* Release */ = {
			isa = XCBuildConfiguration;
			buildSettings = {
				ALWAYS_SEARCH_USER_PATHS = NO;
				CLANG_ANALYZER_LOCALIZABILITY_NONLOCALIZED = YES;
				CLANG_ANALYZER_NONNULL = YES;
				CLANG_ANALYZER_NUMBER_OBJECT_CONVERSION = YES_AGGRESSIVE;
				CLANG_CXX_LANGUAGE_STANDARD = "gnu++14";
				CLANG_CXX_LIBRARY = "libc++";
				CLANG_ENABLE_MODULES = YES;
				CLANG_ENABLE_OBJC_ARC = YES;
				CLANG_WARN_BLOCK_CAPTURE_AUTORELEASING = YES;
				CLANG_WARN_BOOL_CONVERSION = YES;
				CLANG_WARN_COMMA = YES;
				CLANG_WARN_CONSTANT_CONVERSION = YES;
				CLANG_WARN_DIRECT_OBJC_ISA_USAGE = YES_ERROR;
				CLANG_WARN_DOCUMENTATION_COMMENTS = YES;
				CLANG_WARN_EMPTY_BODY = YES;
				CLANG_WARN_ENUM_CONVERSION = YES;
				CLANG_WARN_INFINITE_RECURSION = YES;
				CLANG_WARN_INT_CONVERSION = YES;
				CLANG_WARN_NON_LITERAL_NULL_CONVERSION = YES;
				CLANG_WARN_OBJC_LITERAL_CONVERSION = YES;
				CLANG_WARN_OBJC_ROOT_CLASS = YES_ERROR;
				CLANG_WARN_RANGE_LOOP_ANALYSIS = YES;
				CLANG_WARN_STRICT_PROTOTYPES = YES;
				CLANG_WARN_SUSPICIOUS_MOVE = YES;
				CLANG_WARN_UNGUARDED_AVAILABILITY = YES_AGGRESSIVE;
				CLANG_WARN_UNREACHABLE_CODE = YES;
				CLANG_WARN__DUPLICATE_METHOD_MATCH = YES;
				CODE_SIGN_IDENTITY = "iPhone Developer";
				COPY_PHASE_STRIP = NO;
				DEBUG_INFORMATION_FORMAT = "dwarf-with-dsym";
				ENABLE_NS_ASSERTIONS = NO;
				ENABLE_STRICT_OBJC_MSGSEND = YES;
				GCC_C_LANGUAGE_STANDARD = gnu11;
				GCC_NO_COMMON_BLOCKS = YES;
				GCC_WARN_64_TO_32_BIT_CONVERSION = YES;
				GCC_WARN_ABOUT_RETURN_TYPE = YES_ERROR;
				GCC_WARN_UNDECLARED_SELECTOR = YES;
				GCC_WARN_UNINITIALIZED_AUTOS = YES_AGGRESSIVE;
				GCC_WARN_UNUSED_FUNCTION = YES;
				GCC_WARN_UNUSED_VARIABLE = YES;
				IPHONEOS_DEPLOYMENT_TARGET = 8.0;
				MTL_ENABLE_DEBUG_INFO = NO;
				SDKROOT = iphoneos;
				VALIDATE_PRODUCT = YES;
			};
			name = Release;
		};
		862F495C1FA6F9A600D0526C /* Debug */ = {
			isa = XCBuildConfiguration;
			baseConfigurationReference = C83B88E6E305BB4C2E5E02C2 /* Pods-ChatDemo.debug.xcconfig */;
			buildSettings = {
				CODE_SIGN_STYLE = Automatic;
				DEVELOPMENT_TEAM = 76MM79XMJ9;
				INFOPLIST_FILE = ChatDemo/Info.plist;
				IPHONEOS_DEPLOYMENT_TARGET = 8.0;
				LD_RUNPATH_SEARCH_PATHS = "$(inherited) @executable_path/Frameworks";
				LIBRARY_SEARCH_PATHS = (
					"$(inherited)",
					"$(PROJECT_DIR)/ChatDemo/ChatController/ChatLibs/DeviceHelper/VoiceConvert/opencore-amrwb",
					"$(PROJECT_DIR)/ChatDemo/ChatController/ChatLibs/DeviceHelper/VoiceConvert/opencore-amrnb",
				);
				PRODUCT_BUNDLE_IDENTIFIER = "Yu-Yang.ChatDemo";
				PRODUCT_NAME = "$(TARGET_NAME)";
				TARGETED_DEVICE_FAMILY = "1,2";
			};
			name = Debug;
		};
		862F495D1FA6F9A600D0526C /* Release */ = {
			isa = XCBuildConfiguration;
			baseConfigurationReference = 5AB65D525956B301A38CF727 /* Pods-ChatDemo.release.xcconfig */;
			buildSettings = {
				CODE_SIGN_STYLE = Automatic;
				DEVELOPMENT_TEAM = 76MM79XMJ9;
				INFOPLIST_FILE = ChatDemo/Info.plist;
				IPHONEOS_DEPLOYMENT_TARGET = 8.0;
				LD_RUNPATH_SEARCH_PATHS = "$(inherited) @executable_path/Frameworks";
				LIBRARY_SEARCH_PATHS = (
					"$(inherited)",
					"$(PROJECT_DIR)/ChatDemo/ChatController/ChatLibs/DeviceHelper/VoiceConvert/opencore-amrwb",
					"$(PROJECT_DIR)/ChatDemo/ChatController/ChatLibs/DeviceHelper/VoiceConvert/opencore-amrnb",
				);
				PRODUCT_BUNDLE_IDENTIFIER = "Yu-Yang.ChatDemo";
				PRODUCT_NAME = "$(TARGET_NAME)";
				TARGETED_DEVICE_FAMILY = "1,2";
			};
			name = Release;
		};
		862F495F1FA6F9A600D0526C /* Debug */ = {
			isa = XCBuildConfiguration;
			buildSettings = {
				BUNDLE_LOADER = "$(TEST_HOST)";
				CODE_SIGN_STYLE = Automatic;
				INFOPLIST_FILE = ChatDemoTests/Info.plist;
				LD_RUNPATH_SEARCH_PATHS = "$(inherited) @executable_path/Frameworks @loader_path/Frameworks";
				PRODUCT_BUNDLE_IDENTIFIER = "Yu-Yang.ChatDemoTests";
				PRODUCT_NAME = "$(TARGET_NAME)";
				TARGETED_DEVICE_FAMILY = "1,2";
				TEST_HOST = "$(BUILT_PRODUCTS_DIR)/ChatDemo.app/ChatDemo";
			};
			name = Debug;
		};
		862F49601FA6F9A600D0526C /* Release */ = {
			isa = XCBuildConfiguration;
			buildSettings = {
				BUNDLE_LOADER = "$(TEST_HOST)";
				CODE_SIGN_STYLE = Automatic;
				INFOPLIST_FILE = ChatDemoTests/Info.plist;
				LD_RUNPATH_SEARCH_PATHS = "$(inherited) @executable_path/Frameworks @loader_path/Frameworks";
				PRODUCT_BUNDLE_IDENTIFIER = "Yu-Yang.ChatDemoTests";
				PRODUCT_NAME = "$(TARGET_NAME)";
				TARGETED_DEVICE_FAMILY = "1,2";
				TEST_HOST = "$(BUILT_PRODUCTS_DIR)/ChatDemo.app/ChatDemo";
			};
			name = Release;
		};
		862F49621FA6F9A600D0526C /* Debug */ = {
			isa = XCBuildConfiguration;
			buildSettings = {
				CODE_SIGN_STYLE = Automatic;
				INFOPLIST_FILE = ChatDemoUITests/Info.plist;
				LD_RUNPATH_SEARCH_PATHS = "$(inherited) @executable_path/Frameworks @loader_path/Frameworks";
				PRODUCT_BUNDLE_IDENTIFIER = "Yu-Yang.ChatDemoUITests";
				PRODUCT_NAME = "$(TARGET_NAME)";
				TARGETED_DEVICE_FAMILY = "1,2";
				TEST_TARGET_NAME = ChatDemo;
			};
			name = Debug;
		};
		862F49631FA6F9A600D0526C /* Release */ = {
			isa = XCBuildConfiguration;
			buildSettings = {
				CODE_SIGN_STYLE = Automatic;
				INFOPLIST_FILE = ChatDemoUITests/Info.plist;
				LD_RUNPATH_SEARCH_PATHS = "$(inherited) @executable_path/Frameworks @loader_path/Frameworks";
				PRODUCT_BUNDLE_IDENTIFIER = "Yu-Yang.ChatDemoUITests";
				PRODUCT_NAME = "$(TARGET_NAME)";
				TARGETED_DEVICE_FAMILY = "1,2";
				TEST_TARGET_NAME = ChatDemo;
			};
			name = Release;
		};
/* End XCBuildConfiguration section */

/* Begin XCConfigurationList section */
		862F492A1FA6F9A500D0526C /* Build configuration list for PBXProject "ChatDemo" */ = {
			isa = XCConfigurationList;
			buildConfigurations = (
				862F49591FA6F9A600D0526C /* Debug */,
				862F495A1FA6F9A600D0526C /* Release */,
			);
			defaultConfigurationIsVisible = 0;
			defaultConfigurationName = Release;
		};
		862F495B1FA6F9A600D0526C /* Build configuration list for PBXNativeTarget "ChatDemo" */ = {
			isa = XCConfigurationList;
			buildConfigurations = (
				862F495C1FA6F9A600D0526C /* Debug */,
				862F495D1FA6F9A600D0526C /* Release */,
			);
			defaultConfigurationIsVisible = 0;
			defaultConfigurationName = Release;
		};
		862F495E1FA6F9A600D0526C /* Build configuration list for PBXNativeTarget "ChatDemoTests" */ = {
			isa = XCConfigurationList;
			buildConfigurations = (
				862F495F1FA6F9A600D0526C /* Debug */,
				862F49601FA6F9A600D0526C /* Release */,
			);
			defaultConfigurationIsVisible = 0;
			defaultConfigurationName = Release;
		};
		862F49611FA6F9A600D0526C /* Build configuration list for PBXNativeTarget "ChatDemoUITests" */ = {
			isa = XCConfigurationList;
			buildConfigurations = (
				862F49621FA6F9A600D0526C /* Debug */,
				862F49631FA6F9A600D0526C /* Release */,
			);
			defaultConfigurationIsVisible = 0;
			defaultConfigurationName = Release;
		};
/* End XCConfigurationList section */
	};
	rootObject = 862F49271FA6F9A500D0526C /* Project object */;
}
